lockfileVersion: '6.0'

dependencies:
  graphql:
    specifier: ^16.6.0
    version: 16.6.0
  graphql-yoga:
    specifier: ^3.0.0
    version: 3.0.0(@types/node@18.16.8)(graphql@16.6.0)

packages:

  /@envelop/core@3.0.3:
    resolution: {integrity: sha512-GXIb7HhsSYerMJR/AhJ6nN9F+w17bYRdUfu7ZXTixJEjS/3SXXK29qvr42iLLEqrnum57nk6cDyA3DBZLnuJ9w==}
    dependencies:
      '@envelop/types': 3.0.0
      tslib: 2.4.0
    dev: false

  /@envelop/parser-cache@5.0.3(@envelop/core@3.0.3)(graphql@16.6.0):
    resolution: {integrity: sha512-3H3PZI//1ConuD0MmkKl3Sm9j7vRQvI/fIgvzXbE0n/OuuVV7D9rmtnSEqTkXufAgxKv674T2DJF4QPQHOy9Ag==}
    peerDependencies:
      '@envelop/core': ^3.0.3
      graphql: ^14.0.0 || ^15.0.0 || ^16.0.0
    dependencies:
      '@envelop/core': 3.0.3
      graphql: 16.6.0
      lru-cache: 6.0.0
      tslib: 2.5.0
    dev: false

  /@envelop/types@3.0.0:
    resolution: {integrity: sha512-ohcZE+XNvgNqURdCA5RLN0yW3nbvi4Pkq8TA6RpG16PKakl3yDgzXBLit1SR6+9By0/XCBfto/9r48ZH25kmvw==}
    dependencies:
      tslib: 2.5.0
    dev: false

  /@envelop/validation-cache@5.0.3(@envelop/core@3.0.3)(graphql@16.6.0):
    resolution: {integrity: sha512-zJcP8CFCdeUTkIymbBnuRgp3+G/YCubl7Pi+WoM0W2LAsJl7yxvqoaHS5aPbpNJunqUomsnRwBtkcK966EzjsQ==}
    peerDependencies:
      '@envelop/core': ^3.0.3
      graphql: ^14.0.0 || ^15.0.0 || ^16.0.0
    dependencies:
      '@envelop/core': 3.0.3
      graphql: 16.6.0
      lru-cache: 6.0.0
      tslib: 2.5.0
    dev: false

  /@graphql-tools/executor@0.0.9(graphql@16.6.0):
    resolution: {integrity: sha512-qLhQWXTxTS6gbL9INAQa4FJIqTd2tccnbs4HswOx35KnyLaLtREuQ8uTfU+5qMrRIBhuzpGdkP2ssqxLyOJ5rA==}
    peerDependencies:
      graphql: ^14.0.0 || ^15.0.0 || ^16.0.0 || ^17.0.0
    dependencies:
      '@graphql-tools/utils': 9.1.1(graphql@16.6.0)
      '@graphql-typed-document-node/core': 3.1.1(graphql@16.6.0)
      '@repeaterjs/repeater': 3.0.4
      graphql: 16.6.0
      tslib: 2.5.0
      value-or-promise: 1.0.11
    dev: false

  /@graphql-tools/merge@8.4.2(graphql@16.6.0):
    resolution: {integrity: sha512-XbrHAaj8yDuINph+sAfuq3QCZ/tKblrTLOpirK0+CAgNlZUCHs0Fa+xtMUURgwCVThLle1AF7svJCxFizygLsw==}
    peerDependencies:
      graphql: ^14.0.0 || ^15.0.0 || ^16.0.0 || ^17.0.0
    dependencies:
      '@graphql-tools/utils': 9.2.1(graphql@16.6.0)
      graphql: 16.6.0
      tslib: 2.5.0
    dev: false

  /@graphql-tools/schema@9.0.19(graphql@16.6.0):
    resolution: {integrity: sha512-oBRPoNBtCkk0zbUsyP4GaIzCt8C0aCI4ycIRUL67KK5pOHljKLBBtGT+Jr6hkzA74C8Gco8bpZPe7aWFjiaK2w==}
    peerDependencies:
      graphql: ^14.0.0 || ^15.0.0 || ^16.0.0 || ^17.0.0
    dependencies:
      '@graphql-tools/merge': 8.4.2(graphql@16.6.0)
      '@graphql-tools/utils': 9.2.1(graphql@16.6.0)
      graphql: 16.6.0
      tslib: 2.5.0
      value-or-promise: 1.0.12
    dev: false

  /@graphql-tools/utils@9.1.1(graphql@16.6.0):
    resolution: {integrity: sha512-DXKLIEDbihK24fktR2hwp/BNIVwULIHaSTNTNhXS+19vgT50eX9wndx1bPxGwHnVBOONcwjXy0roQac49vdt/w==}
    peerDependencies:
      graphql: ^14.0.0 || ^15.0.0 || ^16.0.0 || ^17.0.0
    dependencies:
      graphql: 16.6.0
      tslib: 2.5.0
    dev: false

  /@graphql-tools/utils@9.2.1(graphql@16.6.0):
    resolution: {integrity: sha512-WUw506Ql6xzmOORlriNrD6Ugx+HjVgYxt9KCXD9mHAak+eaXSwuGGPyE60hy9xaDEoXKBsG7SkG69ybitaVl6A==}
    peerDependencies:
      graphql: ^14.0.0 || ^15.0.0 || ^16.0.0 || ^17.0.0
    dependencies:
      '@graphql-typed-document-node/core': 3.2.0(graphql@16.6.0)
      graphql: 16.6.0
      tslib: 2.5.0
    dev: false

  /@graphql-typed-document-node/core@3.1.1(graphql@16.6.0):
    resolution: {integrity: sha512-NQ17ii0rK1b34VZonlmT2QMJFI70m0TRwbknO/ihlbatXyaktDhN/98vBiUU6kNBPljqGqyIrl2T4nY2RpFANg==}
    peerDependencies:
      graphql: ^0.8.0 || ^0.9.0 || ^0.10.0 || ^0.11.0 || ^0.12.0 || ^0.13.0 || ^14.0.0 || ^15.0.0 || ^16.0.0
    dependencies:
      graphql: 16.6.0
    dev: false

  /@graphql-typed-document-node/core@3.2.0(graphql@16.6.0):
    resolution: {integrity: sha512-mB9oAsNCm9aM3/SOv4YtBMqZbYj10R7dkq8byBqxGY/ncFwhf2oQzMV+LCRlWoDSEBJ3COiR1yeDvMtsoOsuFQ==}
    peerDependencies:
      graphql: ^0.8.0 || ^0.9.0 || ^0.10.0 || ^0.11.0 || ^0.12.0 || ^0.13.0 || ^14.0.0 || ^15.0.0 || ^16.0.0 || ^17.0.0
    dependencies:
      graphql: 16.6.0
    dev: false

  /@graphql-yoga/subscription@3.1.0:
    resolution: {integrity: sha512-Vc9lh8KzIHyS3n4jBlCbz7zCjcbtQnOBpsymcRvHhFr2cuH+knmRn0EmzimMQ58jQ8kxoRXXC3KJS3RIxSdPIg==}
    dependencies:
      '@graphql-yoga/typed-event-target': 1.0.0
      '@repeaterjs/repeater': 3.0.4
      '@whatwg-node/events': 0.0.2
      tslib: 2.5.0
    dev: false

  /@graphql-yoga/typed-event-target@1.0.0:
    resolution: {integrity: sha512-Mqni6AEvl3VbpMtKw+TIjc9qS9a8hKhiAjFtqX488yq5oJtj9TkNlFTIacAVS3vnPiswNsmDiQqvwUOcJgi1DA==}
    dependencies:
      '@repeaterjs/repeater': 3.0.4
      tslib: 2.5.0
    dev: false

  /@peculiar/asn1-schema@2.3.6:
    resolution: {integrity: sha512-izNRxPoaeJeg/AyH8hER6s+H7p4itk+03QCa4sbxI3lNdseQYCuxzgsuNK8bTXChtLTjpJz6NmXKA73qLa3rCA==}
    dependencies:
      asn1js: 3.0.5
      pvtsutils: 1.3.2
      tslib: 2.5.0
    dev: false

  /@peculiar/json-schema@1.1.12:
    resolution: {integrity: sha512-coUfuoMeIB7B8/NMekxaDzLhaYmp0HZNPEjYRm9goRou8UZIC3z21s0sL9AWoCw4EG876QyO3kYrc61WNF9B/w==}
    engines: {node: '>=8.0.0'}
    dependencies:
      tslib: 2.5.0
    dev: false

  /@peculiar/webcrypto@1.4.3:
    resolution: {integrity: sha512-VtaY4spKTdN5LjJ04im/d/joXuvLbQdgy5Z4DXF4MFZhQ+MTrejbNMkfZBp1Bs3O5+bFqnJgyGdPuZQflvIa5A==}
    engines: {node: '>=10.12.0'}
    dependencies:
      '@peculiar/asn1-schema': 2.3.6
      '@peculiar/json-schema': 1.1.12
      pvtsutils: 1.3.2
      tslib: 2.5.0
      webcrypto-core: 1.7.7
    dev: false

  /@repeaterjs/repeater@3.0.4:
    resolution: {integrity: sha512-AW8PKd6iX3vAZ0vA43nOUOnbq/X5ihgU+mSXXqunMkeQADGiqw/PY0JNeYtD5sr0PAy51YPgAPbDoeapv9r8WA==}
    dev: false

  /@types/node@18.16.8:
    resolution: {integrity: sha512-p0iAXcfWCOTCBbsExHIDFCfwsqFwBTgETJveKMT+Ci3LY9YqQCI91F5S+TB20+aRCXpcWfvx5Qr5EccnwCm2NA==}
    dev: false

  /@whatwg-node/events@0.0.2:
    resolution: {integrity: sha512-WKj/lI4QjnLuPrim0cfO7i+HsDSXHxNv1y0CrJhdntuO3hxWZmnXCwNDnwOvry11OjRin6cgWNF+j/9Pn8TN4w==}
    dev: false

  /@whatwg-node/fetch@0.5.3:
    resolution: {integrity: sha512-cuAKL3Z7lrJJuUrfF1wxkQTb24Qd1QO/lsjJpM5ZSZZzUMms5TPnbGeGUKWA3hVKNHh30lVfr2MyRCT5Jfkucw==}
    dependencies:
      '@peculiar/webcrypto': 1.4.3
      abort-controller: 3.0.0
      busboy: 1.6.0
      form-data-encoder: 1.9.0
      formdata-node: 4.4.1
      node-fetch: 2.6.11
      undici: 5.22.1
      web-streams-polyfill: 3.2.1
    transitivePeerDependencies:
      - encoding
    dev: false

  /@whatwg-node/server@0.4.16(@types/node@18.16.8):
    resolution: {integrity: sha512-fDYg7M/wLDkzUoymD85T3hlLkHufrddB4587BANf62spPbWRV9bu5rlYdUDgWd/XNuEye06M9KjduSKl32KQgw==}
    peerDependencies:
      '@types/node': ^18.0.6
    dependencies:
      '@types/node': 18.16.8
      '@whatwg-node/fetch': 0.5.3
      tslib: 2.5.0
    transitivePeerDependencies:
      - encoding
    dev: false

  /abort-controller@3.0.0:
    resolution: {integrity: sha512-h8lQ8tacZYnR3vNQTgibj+tODHI5/+l06Au2Pcriv/Gmet0eaj4TwWH41sO9wnHDiQsEj19q0drzdWdeAHtweg==}
    engines: {node: '>=6.5'}
    dependencies:
      event-target-shim: 5.0.1
    dev: false

  /asn1js@3.0.5:
    resolution: {integrity: sha512-FVnvrKJwpt9LP2lAMl8qZswRNm3T4q9CON+bxldk2iwk3FFpuwhx2FfinyitizWHsVYyaY+y5JzDR0rCMV5yTQ==}
    engines: {node: '>=12.0.0'}
    dependencies:
      pvtsutils: 1.3.2
      pvutils: 1.1.3
      tslib: 2.5.0
    dev: false

  /busboy@1.6.0:
    resolution: {integrity: sha512-8SFQbg/0hQ9xy3UNTB0YEnsNBbWfhf7RtnzpL7TkBiTBRfrQ9Fxcnz7VJsleJpyp6rVLvXiuORqjlHi5q+PYuA==}
    engines: {node: '>=10.16.0'}
    dependencies:
      streamsearch: 1.1.0
    dev: false

  /dset@3.1.2:
    resolution: {integrity: sha512-g/M9sqy3oHe477Ar4voQxWtaPIFw1jTdKZuomOjhCcBx9nHUNn0pu6NopuFFrTh/TRZIKEj+76vLWFu9BNKk+Q==}
    engines: {node: '>=4'}
    dev: false

  /event-target-shim@5.0.1:
    resolution: {integrity: sha512-i/2XbnSz/uxRCU6+NdVJgKWDTM427+MqYbkQzD321DuCQJUqOuJKIA0IM2+W2xtYHdKOmZ4dR6fExsd4SXL+WQ==}
    engines: {node: '>=6'}
    dev: false

  /form-data-encoder@1.9.0:
    resolution: {integrity: sha512-rahaRMkN8P8d/tgK/BLPX+WBVM27NbvdXBxqQujBtkDAIFspaRqN7Od7lfdGQA6KAD+f82fYCLBq1ipvcu8qLw==}
    dev: false

  /formdata-node@4.4.1:
    resolution: {integrity: sha512-0iirZp3uVDjVGt9p49aTaqjk84TrglENEDuqfdlZQ1roC9CWlPk6Avf8EEnZNcAqPonwkG35x4n3ww/1THYAeQ==}
    engines: {node: '>= 12.20'}
    dependencies:
      node-domexception: 1.0.0
      web-streams-polyfill: 4.0.0-beta.3
    dev: false

  /graphql-yoga@3.0.0(@types/node@18.16.8)(graphql@16.6.0):
    resolution: {integrity: sha512-7RDheueN4iUOfxVIjjWfrSIFVvubbuMMW44XxuB0/JjIrNZ4ApIs9aLBQuYLXZbqdMCr3+bFkVZAILG9j5XykA==}
    peerDependencies:
      graphql: ^15.2.0 || ^16.0.0
    dependencies:
      '@envelop/core': 3.0.3
      '@envelop/parser-cache': 5.0.3(@envelop/core@3.0.3)(graphql@16.6.0)
      '@envelop/validation-cache': 5.0.3(@envelop/core@3.0.3)(graphql@16.6.0)
      '@graphql-tools/executor': 0.0.9(graphql@16.6.0)
      '@graphql-tools/schema': 9.0.19(graphql@16.6.0)
      '@graphql-tools/utils': 9.2.1(graphql@16.6.0)
      '@graphql-yoga/subscription': 3.1.0
      '@whatwg-node/fetch': 0.5.3
      '@whatwg-node/server': 0.4.16(@types/node@18.16.8)
      dset: 3.1.2
      graphql: 16.6.0
      tslib: 2.5.0
    transitivePeerDependencies:
      - '@types/node'
      - encoding
    dev: false

  /graphql@16.6.0:
    resolution: {integrity: sha512-KPIBPDlW7NxrbT/eh4qPXz5FiFdL5UbaA0XUNz2Rp3Z3hqBSkbj0GVjwFDztsWVauZUWsbKHgMg++sk8UX0bkw==}
    engines: {node: ^12.22.0 || ^14.16.0 || ^16.0.0 || >=17.0.0}
    dev: false

  /lru-cache@6.0.0:
    resolution: {integrity: sha512-Jo6dJ04CmSjuznwJSS3pUeWmd/H0ffTlkXXgwZi+eq1UCmqQwCh+eLsYOYCwY991i2Fah4h1BEMCx4qThGbsiA==}
    engines: {node: '>=10'}
    dependencies:
      yallist: 4.0.0
    dev: false

  /node-domexception@1.0.0:
    resolution: {integrity: sha512-/jKZoMpw0F8GRwl4/eLROPA3cfcXtLApP0QzLmUT/HuPCZWyB7IY9ZrMeKw2O/nFIqPQB3PVM9aYm0F312AXDQ==}
    engines: {node: '>=10.5.0'}
    dev: false

  /node-fetch@2.6.11:
    resolution: {integrity: sha512-4I6pdBY1EthSqDmJkiNk3JIT8cswwR9nfeW/cPdUagJYEQG7R95WRH74wpz7ma8Gh/9dI9FP+OU+0E4FvtA55w==}
    engines: {node: 4.x || >=6.0.0}
    peerDependencies:
      encoding: ^0.1.0
    peerDependenciesMeta:
      encoding:
        optional: true
    dependencies:
      whatwg-url: 5.0.0
    dev: false

  /pvtsutils@1.3.2:
    resolution: {integrity: sha512-+Ipe2iNUyrZz+8K/2IOo+kKikdtfhRKzNpQbruF2URmqPtoqAs8g3xS7TJvFF2GcPXjh7DkqMnpVveRFq4PgEQ==}
    dependencies:
      tslib: 2.5.0
    dev: false

  /pvutils@1.1.3:
    resolution: {integrity: sha512-pMpnA0qRdFp32b1sJl1wOJNxZLQ2cbQx+k6tjNtZ8CpvVhNqEPRgivZ2WOUev2YMajecdH7ctUPDvEe87nariQ==}
    engines: {node: '>=6.0.0'}
    dev: false

  /streamsearch@1.1.0:
    resolution: {integrity: sha512-Mcc5wHehp9aXz1ax6bZUyY5afg9u2rv5cqQI3mRrYkGC8rW2hM02jWuwjtL++LS5qinSyhj2QfLyNsuc+VsExg==}
    engines: {node: '>=10.0.0'}
    dev: false

  /tr46@0.0.3:
    resolution: {integrity: sha512-N3WMsuqV66lT30CrXNbEjx4GEwlow3v6rr4mCcv6prnfwhS01rkgyFdjPNBYd9br7LpXV1+Emh01fHnq2Gdgrw==}
    dev: false

  /tslib@2.4.0:
    resolution: {integrity: sha512-d6xOpEDfsi2CZVlPQzGeux8XMwLT9hssAsaPYExaQMuYskwb+x1x7J371tWlbBdWHroy99KnVB6qIkUbs5X3UQ==}
    dev: false

  /tslib@2.5.0:
    resolution: {integrity: sha512-336iVw3rtn2BUK7ORdIAHTyxHGRIHVReokCR3XjbckJMK7ms8FysBfhLR8IXnAgy7T0PTPNBWKiH514FOW/WSg==}
    dev: false

  /undici@5.22.1:
    resolution: {integrity: sha512-Ji2IJhFXZY0x/0tVBXeQwgPlLWw13GVzpsWPQ3rV50IFMMof2I55PZZxtm4P6iNq+L5znYN9nSTAq0ZyE6lSJw==}
    engines: {node: '>=14.0'}
    dependencies:
      busboy: 1.6.0
    dev: false

  /value-or-promise@1.0.11:
    resolution: {integrity: sha512-41BrgH+dIbCFXClcSapVs5M6GkENd3gQOJpEfPDNa71LsUGMXDL0jMWpI/Rh7WhX+Aalfz2TTS3Zt5pUsbnhLg==}
    engines: {node: '>=12'}
    dev: false

  /value-or-promise@1.0.12:
    resolution: {integrity: sha512-Z6Uz+TYwEqE7ZN50gwn+1LCVo9ZVrpxRPOhOLnncYkY1ZzOYtrX8Fwf/rFktZ8R5mJms6EZf5TqNOMeZmnPq9Q==}
    engines: {node: '>=12'}
    dev: false

  /web-streams-polyfill@3.2.1:
    resolution: {integrity: sha512-e0MO3wdXWKrLbL0DgGnUV7WHVuw9OUvL4hjgnPkIeEvESk74gAITi5G606JtZPp39cd8HA9VQzCIvA49LpPN5Q==}
    engines: {node: '>= 8'}
    dev: false

  /web-streams-polyfill@4.0.0-beta.3:
    resolution: {integrity: sha512-QW95TCTaHmsYfHDybGMwO5IJIM93I/6vTRk+daHTWFPhwh+C8Cg7j7XyKrwrj8Ib6vYXe0ocYNrmzY4xAAN6ug==}
    engines: {node: '>= 14'}
    dev: false

  /webcrypto-core@1.7.7:
    resolution: {integrity: sha512-7FjigXNsBfopEj+5DV2nhNpfic2vumtjjgPmeDKk45z+MJwXKKfhPB7118Pfzrmh4jqOMST6Ch37iPAHoImg5g==}
    dependencies:
      '@peculiar/asn1-schema': 2.3.6
      '@peculiar/json-schema': 1.1.12
      asn1js: 3.0.5
      pvtsutils: 1.3.2
      tslib: 2.5.0
    dev: false

  /webidl-conversions@3.0.1:
    resolution: {integrity: sha512-2JAn3z8AR6rjK8Sm8orRC0h/bcl/DqL7tRPdGZ4I1CjdF+EaMLmYxBHyXuKL849eucPFhvBoxMsflfOb8kxaeQ==}
    dev: false

  /whatwg-url@5.0.0:
    resolution: {integrity: sha512-saE57nupxk6v3HY35+jzBwYa0rKSy0XR8JSxZPwgLr7ys0IBzhGviA1/TUGJLmSVqs8pb9AnvICXEuOHLprYTw==}
    dependencies:
      tr46: 0.0.3
      webidl-conversions: 3.0.1
    dev: false

  /yallist@4.0.0:
    resolution: {integrity: sha512-3wdGidZyq5PB084XLES5TpOSRA3wjXAlIWMhum2kRcv/41Sn2emQ0dycQW4uZXLejwKvg6EsvbdlVL+FYEct7A==}
    dev: false
